
Microsoft Visual Studio Solution File, Format Version 12.00
# Visual Studio Version 16
VisualStudioVersion = 16.0.30621.155
MinimumVisualStudioVersion = 10.0.40219.1
Project("{FAE04EC0-301F-11D3-BF4B-00C04F79EFBC}") = "MyWebApp", "MyWebApp\MyWebApp.csproj", "{E43C7A31-4544-4B94-93F0-217950DDF489}"
EndProject
Project("{FAE04EC0-301F-11D3-BF4B-00C04F79EFBC}") = "LogicLayer", "LogicLayer\LogicLayer.csproj", "{56A013EE-23FB-46D8-9B80-92C1F97649DB}"
EndProject
Project("{FAE04EC0-301F-11D3-BF4B-00C04F79EFBC}") = "MyWebApp.Test", "MyWebApp.Test\MyWebApp.Test.csproj", "{607A6955-A83F-40BF-867E-066C9E786535}"
EndProject
Project("{FAE04EC0-301F-11D3-BF4B-00C04F79EFBC}") = "WebServicesApi", "WebServicesApi\WebServicesApi.csproj", "{A7BADFA7-9ED2-4A7D-B0DE-A1DB774A0A50}"
EndProject
Project("{FAE04EC0-301F-11D3-BF4B-00C04F79EFBC}") = "LogLayer", "LogLayer\LogLayer.csproj", "{1DB4B522-82D3-4722-B079-8820B0E831E3}"
EndProject
Global
	GlobalSection(SolutionConfigurationPlatforms) = preSolution
		Debug|Any CPU = Debug|Any CPU
		Release|Any CPU = Release|Any CPU
	EndGlobalSection
	GlobalSection(ProjectConfigurationPlatforms) = postSolution
		{E43C7A31-4544-4B94-93F0-217950DDF489}.Debug|Any CPU.ActiveCfg = Debug|Any CPU
		{E43C7A31-4544-4B94-93F0-217950DDF489}.Debug|Any CPU.Build.0 = Debug|Any CPU
		{E43C7A31-4544-4B94-93F0-217950DDF489}.Release|Any CPU.ActiveCfg = Release|Any CPU
		{E43C7A31-4544-4B94-93F0-217950DDF489}.Release|Any CPU.Build.0 = Release|Any CPU
		{56A013EE-23FB-46D8-9B80-92C1F97649DB}.Debug|Any CPU.ActiveCfg = Debug|Any CPU
		{56A013EE-23FB-46D8-9B80-92C1F97649DB}.Debug|Any CPU.Build.0 = Debug|Any CPU
		{56A013EE-23FB-46D8-9B80-92C1F97649DB}.Release|Any CPU.ActiveCfg = Release|Any CPU
		{56A013EE-23FB-46D8-9B80-92C1F97649DB}.Release|Any CPU.Build.0 = Release|Any CPU
		{607A6955-A83F-40BF-867E-066C9E786535}.Debug|Any CPU.ActiveCfg = Debug|Any CPU
		{607A6955-A83F-40BF-867E-066C9E786535}.Debug|Any CPU.Build.0 = Debug|Any CPU
		{607A6955-A83F-40BF-867E-066C9E786535}.Release|Any CPU.ActiveCfg = Release|Any CPU
		{607A6955-A83F-40BF-867E-066C9E786535}.Release|Any CPU.Build.0 = Release|Any CPU
		{A7BADFA7-9ED2-4A7D-B0DE-A1DB774A0A50}.Debug|Any CPU.ActiveCfg = Debug|Any CPU
		{A7BADFA7-9ED2-4A7D-B0DE-A1DB774A0A50}.Debug|Any CPU.Build.0 = Debug|Any CPU
		{A7BADFA7-9ED2-4A7D-B0DE-A1DB774A0A50}.Release|Any CPU.ActiveCfg = Release|Any CPU
		{A7BADFA7-9ED2-4A7D-B0DE-A1DB774A0A50}.Release|Any CPU.Build.0 = Release|Any CPU
		{1DB4B522-82D3-4722-B079-8820B0E831E3}.Debug|Any CPU.ActiveCfg = Debug|Any CPU
		{1DB4B522-82D3-4722-B079-8820B0E831E3}.Debug|Any CPU.Build.0 = Debug|Any CPU
		{1DB4B522-82D3-4722-B079-8820B0E831E3}.Release|Any CPU.ActiveCfg = Release|Any CPU
		{1DB4B522-82D3-4722-B079-8820B0E831E3}.Release|Any CPU.Build.0 = Release|Any CPU
	EndGlobalSection
	GlobalSection(SolutionProperties) = preSolution
		HideSolutionNode = FALSE
	EndGlobalSection
	GlobalSection(ExtensibilityGlobals) = postSolution
		SolutionGuid = {31360D1B-517B-435E-BDB1-4715A8097D2B}
		EnterpriseLibraryConfigurationToolBinariesPathV6 = packages\EnterpriseLibrary.Common.6.0.1304.0\lib\NET45;packages\EnterpriseLibrary.Data.6.0.1304.0\lib\NET45
		EnterpriseLibraryConfigurationToolBinariesPath = packages\Unity.2.1.505.0\lib\NET35;packages\Unity.Interception.2.1.505.0\lib\NET35;packages\EnterpriseLibrary.Common.5.0.505.0\lib\NET35;packages\EnterpriseLibrary.Data.5.0.505.0\lib\NET35
	EndGlobalSection
EndGlobal
